{
  "version": 4,
  "terraform_version": "0.12.18",
  "serial": 7,
  "lineage": "8bd1d818-c27b-9dc5-5480-52a5b76dd8c0",
  "outputs": {},
  "resources": [
    {
      "module": "module.network",
      "mode": "managed",
      "type": "google_compute_network",
      "name": "vpc",
      "provider": "provider.google",
      "instances": [
        {
          "schema_version": 0,
          "attributes": {
            "auto_create_subnetworks": false,
            "delete_default_routes_on_create": false,
            "description": "",
            "gateway_ipv4": "",
            "id": "projects/playground-281713/global/networks/toluna-vpc",
            "ipv4_range": null,
            "name": "toluna-vpc",
            "project": "playground-281713",
            "routing_mode": "REGIONAL",
            "self_link": "https://www.googleapis.com/compute/v1/projects/playground-281713/global/networks/toluna-vpc",
            "timeouts": null
          },
          "private": "eyJlMmJmYjczMC1lY2FhLTExZTYtOGY4OC0zNDM2M2JjN2M0YzAiOnsiY3JlYXRlIjoyNDAwMDAwMDAwMDAsImRlbGV0ZSI6MjQwMDAwMDAwMDAwLCJ1cGRhdGUiOjI0MDAwMDAwMDAwMH19"
        }
      ]
    },
    {
      "module": "module.network",
      "mode": "managed",
      "type": "google_compute_subnetwork",
      "name": "subnet",
      "provider": "provider.google",
      "instances": [
        {
          "schema_version": 0,
          "attributes": {
            "creation_timestamp": "2020-07-07T14:07:09.252-07:00",
            "description": "",
            "enable_flow_logs": null,
            "fingerprint": null,
            "gateway_address": "10.10.0.1",
            "id": "projects/playground-281713/regions/us-east1/subnetworks/toluna-vpc-subnet",
            "ip_cidr_range": "10.10.0.0/24",
            "log_config": [],
            "name": "toluna-vpc-subnet",
            "network": "https://www.googleapis.com/compute/v1/projects/playground-281713/global/networks/toluna-vpc",
            "private_ip_google_access": false,
            "project": "playground-281713",
            "region": "us-east1",
            "secondary_ip_range": [],
            "self_link": "https://www.googleapis.com/compute/v1/projects/playground-281713/regions/us-east1/subnetworks/toluna-vpc-subnet",
            "timeouts": null
          },
          "private": "eyJlMmJmYjczMC1lY2FhLTExZTYtOGY4OC0zNDM2M2JjN2M0YzAiOnsiY3JlYXRlIjozNjAwMDAwMDAwMDAsImRlbGV0ZSI6MzYwMDAwMDAwMDAwLCJ1cGRhdGUiOjM2MDAwMDAwMDAwMH19",
          "dependencies": [
            "module.network.google_compute_network.vpc"
          ]
        }
      ]
    },
    {
      "module": "module.gke",
      "mode": "managed",
      "type": "google_container_cluster",
      "name": "primary",
      "provider": "provider.google",
      "instances": [
        {
          "schema_version": 1,
          "attributes": {
            "additional_zones": [],
            "addons_config": [
              {
                "cloudrun_config": [],
                "horizontal_pod_autoscaling": [],
                "http_load_balancing": [],
                "kubernetes_dashboard": [],
                "network_policy_config": [
                  {
                    "disabled": true
                  }
                ]
              }
            ],
            "authenticator_groups_config": [],
            "cluster_autoscaling": [
              {
                "auto_provisioning_defaults": [],
                "enabled": false,
                "resource_limits": []
              }
            ],
            "cluster_ipv4_cidr": "10.60.0.0/14",
            "database_encryption": [
              {
                "key_name": "",
                "state": "DECRYPTED"
              }
            ],
            "default_max_pods_per_node": null,
            "description": "",
            "enable_binary_authorization": false,
            "enable_intranode_visibility": null,
            "enable_kubernetes_alpha": false,
            "enable_legacy_abac": false,
            "enable_shielded_nodes": false,
            "enable_tpu": null,
            "endpoint": "34.75.168.29",
            "id": "projects/playground-281713/locations/us-east1/clusters/staging",
            "initial_node_count": 1,
            "instance_group_urls": [
              "https://www.googleapis.com/compute/v1/projects/playground-281713/zones/us-east1-d/instanceGroups/gke-staging-default-pool-03502855-grp",
              "https://www.googleapis.com/compute/v1/projects/playground-281713/zones/us-east1-b/instanceGroups/gke-staging-default-pool-f2a91846-grp",
              "https://www.googleapis.com/compute/v1/projects/playground-281713/zones/us-east1-c/instanceGroups/gke-staging-default-pool-c77be31c-grp"
            ],
            "ip_allocation_policy": [],
            "label_fingerprint": "a9dc16a7",
            "location": "us-east1",
            "logging_service": "logging.googleapis.com/kubernetes",
            "maintenance_policy": [],
            "master_auth": [
              {
                "client_certificate": "",
                "client_certificate_config": [
                  {
                    "issue_client_certificate": false
                  }
                ],
                "client_key": "",
                "cluster_ca_certificate": "LS0tLS1CRUdJTiBDRVJUSUZJQ0FURS0tLS0tCk1JSURDekNDQWZPZ0F3SUJBZ0lRZlZ1WVJvSlRESTh2RUhLVHJFTGZSekFOQmdrcWhraUc5dzBCQVFzRkFEQXYKTVMwd0t3WURWUVFERXlSbE9USTJNakpsTmkwNE5UZzBMVFEzT1dVdE9UUm1aQzB5TXpGbVpqRmxabVkwTnpjdwpIaGNOTWpBd056QTNNakF4TmpFMldoY05NalV3TnpBMk1qRXhOakUyV2pBdk1TMHdLd1lEVlFRREV5UmxPVEkyCk1qSmxOaTA0TlRnMExUUTNPV1V0T1RSbVpDMHlNekZtWmpGbFptWTBOemN3Z2dFaU1BMEdDU3FHU0liM0RRRUIKQVFVQUE0SUJEd0F3Z2dFS0FvSUJBUUNTaU0wdk5qeFhQZExvR1VaanZ4UU5qcy84VWdMY0RJSnFRd0FKQW9FcApFK3JPRnErMHkvNWFkZ3hkK3c1V0NmanBkTDdsaVhnYXMxNm8zMUxpalhVbVVxZUlyQmhWR08vQXlCZmFlY2Y1CnM5SEYzL1NqcDlwZTBRbCtmL2lIYnlNYzRqWTYyQy9MV0hSOTFVZTUrQU80a0NVUk9FV1J5TkZ6ZVJXbzcrWjQKWE1pRWtoS050N0pzdFlGNE5acm4vNHA1b3J2M3pmSXMyVTJMRW5GdXVmVVJnTmZoU005ZUdhL3QvSWVHWjdvRwpoTGNTY1ZuMkZlRkp5cE9FSDlwWnUvMDJqM0Racnc3ajJrbmRmU25ONlF6K0NTT0s5TDVzS1BPU1RMK2hJakg4CnliSzhPYUxnRHBnUThma1ZDeUVvWVJ3QXZzVnBZNUxYdkxFaW0rQnZjRmVGQWdNQkFBR2pJekFoTUE0R0ExVWQKRHdFQi93UUVBd0lDQkRBUEJnTlZIUk1CQWY4RUJUQURBUUgvTUEwR0NTcUdTSWIzRFFFQkN3VUFBNElCQVFCdQpTWHU1dFlxRnloMTg4bFM4eGFxYlltZ2U4bDdsMGVhR25UR1NRSEVlZHhtSUxDbWlpZ3Z1OUVnMFBkMUxvc3BhCnZwM3NsKzF2RG1FR2NIZ0xBdXRhWU1HYTE0OXZRNkFJMlplMzFvcjI2ZG5obkFSR2ZyMERneGJsVWY2TEkzTzMKaVJvcWlzUVlPc25hOUdMK1k3cXV2RUIzeFVmMFlmUzJCdHptZzQvQW83eitFSFJvczlQL1BEMnZ4Y0VQMHpZLwpXNG0wdjhYZWFhNUI5Zy9HeUdCMm5DaTQ2bmtjL2k2V1dVUHduWE4yS3hyRGtUbXkzWnc2RndCSlV5ZUd0dkdkCmRWZUJZS1AyUVJiRmNlNTN5U0NXejFYeTI3S0N5OHRtMitTNTAwUnBsVU1jQWd5NGNSMkFQUHorbWRjWndXRkEKNURCZDdNaTFIb1RncjZiMWdZV1UKLS0tLS1FTkQgQ0VSVElGSUNBVEUtLS0tLQo=",
                "password": "",
                "username": ""
              }
            ],
            "master_authorized_networks_config": [],
            "master_version": "1.14.10-gke.36",
            "min_master_version": null,
            "monitoring_service": "monitoring.googleapis.com/kubernetes",
            "name": "staging",
            "network": "projects/playground-281713/global/networks/default",
            "network_policy": [
              {
                "enabled": false,
                "provider": "PROVIDER_UNSPECIFIED"
              }
            ],
            "node_config": [
              {
                "disk_size_gb": 100,
                "disk_type": "pd-standard",
                "guest_accelerator": [],
                "image_type": "COS",
                "labels": {},
                "local_ssd_count": 0,
                "machine_type": "n1-standard-1",
                "metadata": {
                  "disable-legacy-endpoints": "true"
                },
                "min_cpu_platform": "",
                "oauth_scopes": [
                  "https://www.googleapis.com/auth/devstorage.read_only",
                  "https://www.googleapis.com/auth/logging.write",
                  "https://www.googleapis.com/auth/monitoring",
                  "https://www.googleapis.com/auth/service.management.readonly",
                  "https://www.googleapis.com/auth/servicecontrol",
                  "https://www.googleapis.com/auth/trace.append"
                ],
                "preemptible": false,
                "sandbox_config": [],
                "service_account": "default",
                "shielded_instance_config": [
                  {
                    "enable_integrity_monitoring": true,
                    "enable_secure_boot": false
                  }
                ],
                "tags": [],
                "taint": [],
                "workload_metadata_config": []
              }
            ],
            "node_locations": [
              "us-east1-b",
              "us-east1-c",
              "us-east1-d"
            ],
            "node_pool": [
              {
                "autoscaling": [],
                "initial_node_count": 1,
                "instance_group_urls": [
                  "https://www.googleapis.com/compute/v1/projects/playground-281713/zones/us-east1-d/instanceGroupManagers/gke-staging-default-pool-03502855-grp",
                  "https://www.googleapis.com/compute/v1/projects/playground-281713/zones/us-east1-b/instanceGroupManagers/gke-staging-default-pool-f2a91846-grp",
                  "https://www.googleapis.com/compute/v1/projects/playground-281713/zones/us-east1-c/instanceGroupManagers/gke-staging-default-pool-c77be31c-grp"
                ],
                "management": [
                  {
                    "auto_repair": true,
                    "auto_upgrade": true
                  }
                ],
                "max_pods_per_node": 0,
                "name": "default-pool",
                "name_prefix": "",
                "node_config": [
                  {
                    "disk_size_gb": 100,
                    "disk_type": "pd-standard",
                    "guest_accelerator": [],
                    "image_type": "COS",
                    "labels": {},
                    "local_ssd_count": 0,
                    "machine_type": "n1-standard-1",
                    "metadata": {
                      "disable-legacy-endpoints": "true"
                    },
                    "min_cpu_platform": "",
                    "oauth_scopes": [
                      "https://www.googleapis.com/auth/devstorage.read_only",
                      "https://www.googleapis.com/auth/logging.write",
                      "https://www.googleapis.com/auth/monitoring",
                      "https://www.googleapis.com/auth/service.management.readonly",
                      "https://www.googleapis.com/auth/servicecontrol",
                      "https://www.googleapis.com/auth/trace.append"
                    ],
                    "preemptible": false,
                    "sandbox_config": [],
                    "service_account": "default",
                    "shielded_instance_config": [
                      {
                        "enable_integrity_monitoring": true,
                        "enable_secure_boot": false
                      }
                    ],
                    "tags": [],
                    "taint": [],
                    "workload_metadata_config": []
                  }
                ],
                "node_count": 1,
                "node_locations": [
                  "us-east1-b",
                  "us-east1-c",
                  "us-east1-d"
                ],
                "upgrade_settings": [
                  {
                    "max_surge": 1,
                    "max_unavailable": 0
                  }
                ],
                "version": "1.14.10-gke.36"
              }
            ],
            "node_version": "1.14.10-gke.36",
            "operation": null,
            "pod_security_policy_config": null,
            "private_cluster_config": [],
            "project": "playground-281713",
            "region": null,
            "remove_default_node_pool": null,
            "resource_labels": null,
            "resource_usage_export_config": [],
            "services_ipv4_cidr": "10.63.240.0/20",
            "subnetwork": "projects/playground-281713/regions/us-east1/subnetworks/default",
            "timeouts": null,
            "vertical_pod_autoscaling": [],
            "workload_identity_config": [],
            "zone": null
          },
          "private": "eyJlMmJmYjczMC1lY2FhLTExZTYtOGY4OC0zNDM2M2JjN2M0YzAiOnsiY3JlYXRlIjoyNDAwMDAwMDAwMDAwLCJkZWxldGUiOjI0MDAwMDAwMDAwMDAsInJlYWQiOjI0MDAwMDAwMDAwMDAsInVwZGF0ZSI6MzYwMDAwMDAwMDAwMH0sInNjaGVtYV92ZXJzaW9uIjoiMSJ9"
        }
      ]
    }
  ]
}
