{
  "version": 4,
  "terraform_version": "0.12.18",
  "serial": 53,
  "lineage": "3bd5bf2c-8927-1239-282b-7a5ffcafb751",
  "outputs": {},
  "resources": [
    {
      "module": "module.eks",
      "mode": "managed",
      "type": "aws_eks_cluster",
      "name": "excercise",
      "provider": "provider.aws",
      "instances": [
        {
          "schema_version": 0,
          "attributes": {
            "arn": "arn:aws:eks:us-east-1:251703778900:cluster/toluna-k8s",
            "certificate_authority": [
              {
                "data": "LS0tLS1CRUdJTiBDRVJUSUZJQ0FURS0tLS0tCk1JSUN5RENDQWJDZ0F3SUJBZ0lCQURBTkJna3Foa2lHOXcwQkFRc0ZBREFWTVJNd0VRWURWUVFERXdwcmRXSmwKY201bGRHVnpNQjRYRFRJd01EY3dOVEUzTlRBME9Gb1hEVE13TURjd016RTNOVEEwT0Zvd0ZURVRNQkVHQTFVRQpBeE1LYTNWaVpYSnVaWFJsY3pDQ0FTSXdEUVlKS29aSWh2Y05BUUVCQlFBRGdnRVBBRENDQVFvQ2dnRUJBT1VOCmloV0pJVEFaRldMQllpN2NtT21Rd3YxSnpSaUVjSGU0TTlxUzRiam9wdFQ1Umg2R2RUNU9XaGRTcTVRMEdoRDkKQVdoQVFkZ3JOQ2RiN3ViTWRKSkxUSkRnekpRRUxnTEt4OEgxTTJJTDczZk9DTnNnT215S29NOXFxc2VZVU1SVQpNaVVSdGxOM1ZLNWJUQ1RWYkI5VnZHZ3hveXd1MHpkZWM0TXBCajRtMDkwR3RXVlU2WmxvMDY4dkhGNjV4RXpUCjNaRXgvUnFuenhGZ3RMMWNBTHpXSUNNbU5zMFRzYkdqa290YjdrcnZSc2V6cnA2a0JJSmF2WVVRZEdBZ0kyTkQKcU5WMzZBTzkraHhHblExTXMwNTI0c25RY3JtSHNUSmhyWDdmYWY1VzdIMUhvc3FOcTd4YklHMnZEUHR4djRrTApjdmpuaUxPbHZvMFg4U3lXY1FNQ0F3RUFBYU1qTUNFd0RnWURWUjBQQVFIL0JBUURBZ0trTUE4R0ExVWRFd0VCCi93UUZNQU1CQWY4d0RRWUpLb1pJaHZjTkFRRUxCUUFEZ2dFQkFHZlBTVTQyZVpiN1V3d1RpcnNVeTJZL2I1U3gKM0VSNGRBSHJJTTFDeGZKem5DS1RXWGQrenBGSng1NTFWMDRLYnNnVk1LTjkxdW1zNE10V3NRQUZ3VitsZnI2Two2TFloalQ0WDhyVU9FUFlNUjE4d2xyaXpHQzZTRUdoeDVBWE1xQkN5VXgvTk9MK1FsVDQvU0hDbU1QQ0RhcWdyCkdhUGNMQWhwRlpGV09vMVhxMVkxeWc5eDllZ0MrblQzYUhpaXdMRUFTNXo2eUVCS3dSWEJJbUl1REwxNVRuUmgKL2t5OFMybnNGeXNEaFhNVGgySlpyRndlSmI2VE1DMUs3T3lIbGJ2WUEzbDZMazRaY2Y5YzY3VkYwRk5ybzFBUQp3ZFZBQUU5Mm83T05HS3VvaGY5RjdSQkIvVS8rZG1IL0xyZWlreGdLRXNMRFhMNGl2MGRsb1hpcDFmZz0KLS0tLS1FTkQgQ0VSVElGSUNBVEUtLS0tLQo="
              }
            ],
            "created_at": "2020-07-05 17:41:44 +0000 UTC",
            "enabled_cluster_log_types": [],
            "encryption_config": [],
            "endpoint": "https://CFA1F1B29A7BF718CDCD13A9D24E2DD5.gr7.us-east-1.eks.amazonaws.com",
            "id": "toluna-k8s",
            "identity": [
              {
                "oidc": [
                  {
                    "issuer": "https://oidc.eks.us-east-1.amazonaws.com/id/CFA1F1B29A7BF718CDCD13A9D24E2DD5"
                  }
                ]
              }
            ],
            "name": "toluna-k8s",
            "platform_version": "eks.1",
            "role_arn": "arn:aws:iam::251703778900:role/eks-cluster-example",
            "status": "ACTIVE",
            "tags": {},
            "timeouts": null,
            "version": "1.16",
            "vpc_config": [
              {
                "cluster_security_group_id": "sg-0e65704c2e39d6278",
                "endpoint_private_access": false,
                "endpoint_public_access": true,
                "public_access_cidrs": [
                  "0.0.0.0/0"
                ],
                "security_group_ids": [],
                "subnet_ids": [
                  "subnet-03ff06933d9577d6a",
                  "subnet-0de6683e254924c6e"
                ],
                "vpc_id": "vpc-03074ee45d6e7d63e"
              }
            ]
          },
          "private": "eyJlMmJmYjczMC1lY2FhLTExZTYtOGY4OC0zNDM2M2JjN2M0YzAiOnsiY3JlYXRlIjoxODAwMDAwMDAwMDAwLCJkZWxldGUiOjkwMDAwMDAwMDAwMCwidXBkYXRlIjozNjAwMDAwMDAwMDAwfX0=",
          "dependencies": [
            "module.eks.aws_iam_role.eks_iam_role",
            "module.network.aws_subnet.subnet"
          ]
        }
      ]
    },
    {
      "module": "module.eks",
      "mode": "managed",
      "type": "aws_iam_role",
      "name": "eks_iam_role",
      "provider": "provider.aws",
      "instances": [
        {
          "schema_version": 0,
          "attributes": {
            "arn": "arn:aws:iam::251703778900:role/eks-cluster-example",
            "assume_role_policy": "{\"Version\":\"2012-10-17\",\"Statement\":[{\"Effect\":\"Allow\",\"Principal\":{\"Service\":\"eks.amazonaws.com\"},\"Action\":\"sts:AssumeRole\"}]}",
            "create_date": "2020-07-05T17:41:42Z",
            "description": "",
            "force_detach_policies": false,
            "id": "eks-cluster-example",
            "max_session_duration": 3600,
            "name": "eks-cluster-example",
            "name_prefix": null,
            "path": "/",
            "permissions_boundary": null,
            "tags": {},
            "unique_id": "AROATVGVW3ZKCFGJQHLCL"
          },
          "private": "bnVsbA=="
        }
      ]
    },
    {
      "module": "module.eks",
      "mode": "managed",
      "type": "aws_iam_role_policy_attachment",
      "name": "excercise-AmazonEKSClusterPolicy",
      "provider": "provider.aws",
      "instances": [
        {
          "schema_version": 0,
          "attributes": {
            "id": "eks-cluster-example-20200705175636421900000001",
            "policy_arn": "arn:aws:iam::aws:policy/AmazonEKSClusterPolicy",
            "role": "eks-cluster-example"
          },
          "private": "bnVsbA==",
          "dependencies": [
            "module.eks.aws_iam_role.eks_iam_role"
          ]
        }
      ]
    },
    {
      "module": "module.eks",
      "mode": "managed",
      "type": "aws_iam_role_policy_attachment",
      "name": "excercise-AmazonEKSServicePolicy",
      "provider": "provider.aws",
      "instances": [
        {
          "schema_version": 0,
          "attributes": {
            "id": "eks-cluster-example-20200705175636458800000002",
            "policy_arn": "arn:aws:iam::aws:policy/AmazonEKSServicePolicy",
            "role": "eks-cluster-example"
          },
          "private": "bnVsbA==",
          "dependencies": [
            "module.eks.aws_iam_role.eks_iam_role"
          ]
        }
      ]
    },
    {
      "module": "module.network",
      "mode": "managed",
      "type": "aws_subnet",
      "name": "subnet",
      "each": "list",
      "provider": "provider.aws",
      "instances": [
        {
          "index_key": 0,
          "schema_version": 1,
          "attributes": {
            "arn": "arn:aws:ec2:us-east-1:251703778900:subnet/subnet-0de6683e254924c6e",
            "assign_ipv6_address_on_creation": false,
            "availability_zone": "us-east-1a",
            "availability_zone_id": "use1-az2",
            "cidr_block": "10.0.0.0/24",
            "id": "subnet-0de6683e254924c6e",
            "ipv6_cidr_block": "",
            "ipv6_cidr_block_association_id": "",
            "map_public_ip_on_launch": false,
            "outpost_arn": "",
            "owner_id": "251703778900",
            "tags": {
              "Name": "us-east-1a"
            },
            "timeouts": null,
            "vpc_id": "vpc-03074ee45d6e7d63e"
          },
          "private": "eyJlMmJmYjczMC1lY2FhLTExZTYtOGY4OC0zNDM2M2JjN2M0YzAiOnsiY3JlYXRlIjo2MDAwMDAwMDAwMDAsImRlbGV0ZSI6MTIwMDAwMDAwMDAwMH0sInNjaGVtYV92ZXJzaW9uIjoiMSJ9",
          "dependencies": [
            "module.network.aws_vpc.main"
          ]
        },
        {
          "index_key": 1,
          "schema_version": 1,
          "attributes": {
            "arn": "arn:aws:ec2:us-east-1:251703778900:subnet/subnet-03ff06933d9577d6a",
            "assign_ipv6_address_on_creation": false,
            "availability_zone": "us-east-1b",
            "availability_zone_id": "use1-az4",
            "cidr_block": "10.0.1.0/24",
            "id": "subnet-03ff06933d9577d6a",
            "ipv6_cidr_block": "",
            "ipv6_cidr_block_association_id": "",
            "map_public_ip_on_launch": false,
            "outpost_arn": "",
            "owner_id": "251703778900",
            "tags": {
              "Name": "us-east-1b"
            },
            "timeouts": null,
            "vpc_id": "vpc-03074ee45d6e7d63e"
          },
          "private": "eyJlMmJmYjczMC1lY2FhLTExZTYtOGY4OC0zNDM2M2JjN2M0YzAiOnsiY3JlYXRlIjo2MDAwMDAwMDAwMDAsImRlbGV0ZSI6MTIwMDAwMDAwMDAwMH0sInNjaGVtYV92ZXJzaW9uIjoiMSJ9",
          "dependencies": [
            "module.network.aws_vpc.main"
          ]
        }
      ]
    },
    {
      "module": "module.network",
      "mode": "managed",
      "type": "aws_vpc",
      "name": "main",
      "provider": "provider.aws",
      "instances": [
        {
          "schema_version": 1,
          "attributes": {
            "arn": "arn:aws:ec2:us-east-1:251703778900:vpc/vpc-03074ee45d6e7d63e",
            "assign_generated_ipv6_cidr_block": false,
            "cidr_block": "10.0.0.0/16",
            "default_network_acl_id": "acl-002dd0a243352710e",
            "default_route_table_id": "rtb-0a09674484d100927",
            "default_security_group_id": "sg-0c02513bf885b915e",
            "dhcp_options_id": "dopt-5b65eb21",
            "enable_classiclink": false,
            "enable_classiclink_dns_support": false,
            "enable_dns_hostnames": false,
            "enable_dns_support": true,
            "id": "vpc-03074ee45d6e7d63e",
            "instance_tenancy": "default",
            "ipv6_association_id": "",
            "ipv6_cidr_block": "",
            "main_route_table_id": "rtb-0a09674484d100927",
            "owner_id": "251703778900",
            "tags": {
              "Name": "toluna-vpc"
            }
          },
          "private": "eyJzY2hlbWFfdmVyc2lvbiI6IjEifQ=="
        }
      ]
    }
  ]
}
